
Microsoft Visual Studio Solution File, Format Version 12.00
# Visual Studio Version 17
VisualStudioVersion = 17.0.32126.317
MinimumVisualStudioVersion = 10.0.40219.1
Project("{FAE04EC0-301F-11D3-BF4B-00C04F79EFBC}") = "Tehtava_2", "Tehtava_2\Tehtava_2.csproj", "{722F1BBE-9615-47E4-BD7A-BB1B93CCDCB2}"
EndProject
Global
	GlobalSection(SolutionConfigurationPlatforms) = preSolution
		Debug|Any CPU = Debug|Any CPU
		Release|Any CPU = Release|Any CPU
	EndGlobalSection
	GlobalSection(ProjectConfigurationPlatforms) = postSolution
		{722F1BBE-9615-47E4-BD7A-BB1B93CCDCB2}.Debug|Any CPU.ActiveCfg = Debug|Any CPU
		{722F1BBE-9615-47E4-BD7A-BB1B93CCDCB2}.Debug|Any CPU.Build.0 = Debug|Any CPU
		{722F1BBE-9615-47E4-BD7A-BB1B93CCDCB2}.Release|Any CPU.ActiveCfg = Release|Any CPU
		{722F1BBE-9615-47E4-BD7A-BB1B93CCDCB2}.Release|Any CPU.Build.0 = Release|Any CPU
	EndGlobalSection
	GlobalSection(SolutionProperties) = preSolution
		HideSolutionNode = FALSE
	EndGlobalSection
	GlobalSection(ExtensibilityGlobals) = postSolution
		SolutionGuid = {FDEBDF70-61AF-4397-915D-207946034077}
	EndGlobalSection
EndGlobal
