
Microsoft Visual Studio Solution File, Format Version 12.00
# Visual Studio Version 17
VisualStudioVersion = 17.0.32126.317
MinimumVisualStudioVersion = 10.0.40219.1
Project("{FAE04EC0-301F-11D3-BF4B-00C04F79EFBC}") = "Tehtava_12", "Tehtava_12\Tehtava_12.csproj", "{008A5D0E-3347-43FD-BC50-1F1120B56532}"
EndProject
Global
	GlobalSection(SolutionConfigurationPlatforms) = preSolution
		Debug|Any CPU = Debug|Any CPU
		Release|Any CPU = Release|Any CPU
	EndGlobalSection
	GlobalSection(ProjectConfigurationPlatforms) = postSolution
		{008A5D0E-3347-43FD-BC50-1F1120B56532}.Debug|Any CPU.ActiveCfg = Debug|Any CPU
		{008A5D0E-3347-43FD-BC50-1F1120B56532}.Debug|Any CPU.Build.0 = Debug|Any CPU
		{008A5D0E-3347-43FD-BC50-1F1120B56532}.Release|Any CPU.ActiveCfg = Release|Any CPU
		{008A5D0E-3347-43FD-BC50-1F1120B56532}.Release|Any CPU.Build.0 = Release|Any CPU
	EndGlobalSection
	GlobalSection(SolutionProperties) = preSolution
		HideSolutionNode = FALSE
	EndGlobalSection
	GlobalSection(ExtensibilityGlobals) = postSolution
		SolutionGuid = {23899D7D-E598-4A56-90A6-375B60CE5A51}
	EndGlobalSection
EndGlobal
