
Microsoft Visual Studio Solution File, Format Version 12.00
# Visual Studio Version 17
VisualStudioVersion = 17.0.32126.317
MinimumVisualStudioVersion = 10.0.40219.1
Project("{FAE04EC0-301F-11D3-BF4B-00C04F79EFBC}") = "Tehtava_16", "Tehtava_16\Tehtava_16.csproj", "{FF0B23E5-D63D-4F0E-8521-7CC4EDE8FC78}"
EndProject
Global
	GlobalSection(SolutionConfigurationPlatforms) = preSolution
		Debug|Any CPU = Debug|Any CPU
		Release|Any CPU = Release|Any CPU
	EndGlobalSection
	GlobalSection(ProjectConfigurationPlatforms) = postSolution
		{FF0B23E5-D63D-4F0E-8521-7CC4EDE8FC78}.Debug|Any CPU.ActiveCfg = Debug|Any CPU
		{FF0B23E5-D63D-4F0E-8521-7CC4EDE8FC78}.Debug|Any CPU.Build.0 = Debug|Any CPU
		{FF0B23E5-D63D-4F0E-8521-7CC4EDE8FC78}.Release|Any CPU.ActiveCfg = Release|Any CPU
		{FF0B23E5-D63D-4F0E-8521-7CC4EDE8FC78}.Release|Any CPU.Build.0 = Release|Any CPU
	EndGlobalSection
	GlobalSection(SolutionProperties) = preSolution
		HideSolutionNode = FALSE
	EndGlobalSection
	GlobalSection(ExtensibilityGlobals) = postSolution
		SolutionGuid = {1B6EF045-244E-4EAC-84F8-238EBDFCE826}
	EndGlobalSection
EndGlobal
