
Microsoft Visual Studio Solution File, Format Version 12.00
# Visual Studio Version 17
VisualStudioVersion = 17.0.32126.317
MinimumVisualStudioVersion = 10.0.40219.1
Project("{FAE04EC0-301F-11D3-BF4B-00C04F79EFBC}") = "Tehtava_5", "Tehtava_5\Tehtava_5.csproj", "{CCD94B2F-81FD-42E0-9765-56F85932DD0C}"
EndProject
Global
	GlobalSection(SolutionConfigurationPlatforms) = preSolution
		Debug|Any CPU = Debug|Any CPU
		Release|Any CPU = Release|Any CPU
	EndGlobalSection
	GlobalSection(ProjectConfigurationPlatforms) = postSolution
		{CCD94B2F-81FD-42E0-9765-56F85932DD0C}.Debug|Any CPU.ActiveCfg = Debug|Any CPU
		{CCD94B2F-81FD-42E0-9765-56F85932DD0C}.Debug|Any CPU.Build.0 = Debug|Any CPU
		{CCD94B2F-81FD-42E0-9765-56F85932DD0C}.Release|Any CPU.ActiveCfg = Release|Any CPU
		{CCD94B2F-81FD-42E0-9765-56F85932DD0C}.Release|Any CPU.Build.0 = Release|Any CPU
	EndGlobalSection
	GlobalSection(SolutionProperties) = preSolution
		HideSolutionNode = FALSE
	EndGlobalSection
	GlobalSection(ExtensibilityGlobals) = postSolution
		SolutionGuid = {6D364371-6BEC-4F88-BB3F-706722074EBD}
	EndGlobalSection
EndGlobal
