
Microsoft Visual Studio Solution File, Format Version 12.00
# Visual Studio Version 17
VisualStudioVersion = 17.0.32126.317
MinimumVisualStudioVersion = 10.0.40219.1
Project("{FAE04EC0-301F-11D3-BF4B-00C04F79EFBC}") = "Harjoitus_3", "Harjoitus_3\Harjoitus_3.csproj", "{C04EA493-5E73-4028-B02E-98C140EDE0B7}"
EndProject
Global
	GlobalSection(SolutionConfigurationPlatforms) = preSolution
		Debug|Any CPU = Debug|Any CPU
		Release|Any CPU = Release|Any CPU
	EndGlobalSection
	GlobalSection(ProjectConfigurationPlatforms) = postSolution
		{C04EA493-5E73-4028-B02E-98C140EDE0B7}.Debug|Any CPU.ActiveCfg = Debug|Any CPU
		{C04EA493-5E73-4028-B02E-98C140EDE0B7}.Debug|Any CPU.Build.0 = Debug|Any CPU
		{C04EA493-5E73-4028-B02E-98C140EDE0B7}.Release|Any CPU.ActiveCfg = Release|Any CPU
		{C04EA493-5E73-4028-B02E-98C140EDE0B7}.Release|Any CPU.Build.0 = Release|Any CPU
	EndGlobalSection
	GlobalSection(SolutionProperties) = preSolution
		HideSolutionNode = FALSE
	EndGlobalSection
	GlobalSection(ExtensibilityGlobals) = postSolution
		SolutionGuid = {82F29F9D-9736-49CD-81CB-3FEAFAFF2438}
	EndGlobalSection
EndGlobal
