
Microsoft Visual Studio Solution File, Format Version 12.00
# Visual Studio Version 17
VisualStudioVersion = 17.0.32126.317
MinimumVisualStudioVersion = 10.0.40219.1
Project("{FAE04EC0-301F-11D3-BF4B-00C04F79EFBC}") = "ConsoleApp1testi", "ConsoleApp1testi\ConsoleApp1testi.csproj", "{F79D91B4-1D1F-41C0-A614-552CC8926759}"
EndProject
Global
	GlobalSection(SolutionConfigurationPlatforms) = preSolution
		Debug|Any CPU = Debug|Any CPU
		Release|Any CPU = Release|Any CPU
	EndGlobalSection
	GlobalSection(ProjectConfigurationPlatforms) = postSolution
		{F79D91B4-1D1F-41C0-A614-552CC8926759}.Debug|Any CPU.ActiveCfg = Debug|Any CPU
		{F79D91B4-1D1F-41C0-A614-552CC8926759}.Debug|Any CPU.Build.0 = Debug|Any CPU
		{F79D91B4-1D1F-41C0-A614-552CC8926759}.Release|Any CPU.ActiveCfg = Release|Any CPU
		{F79D91B4-1D1F-41C0-A614-552CC8926759}.Release|Any CPU.Build.0 = Release|Any CPU
	EndGlobalSection
	GlobalSection(SolutionProperties) = preSolution
		HideSolutionNode = FALSE
	EndGlobalSection
	GlobalSection(ExtensibilityGlobals) = postSolution
		SolutionGuid = {C112695C-775D-4A14-A364-F281A6C273AF}
	EndGlobalSection
EndGlobal
