
Microsoft Visual Studio Solution File, Format Version 12.00
# Visual Studio Version 17
VisualStudioVersion = 17.0.32126.317
MinimumVisualStudioVersion = 10.0.40219.1
Project("{FAE04EC0-301F-11D3-BF4B-00C04F79EFBC}") = "YksiNumerot", "YksiNumerot\YksiNumerot.csproj", "{7C0D46E3-A306-492A-81FE-2B9B4850D99C}"
EndProject
Global
	GlobalSection(SolutionConfigurationPlatforms) = preSolution
		Debug|Any CPU = Debug|Any CPU
		Release|Any CPU = Release|Any CPU
	EndGlobalSection
	GlobalSection(ProjectConfigurationPlatforms) = postSolution
		{7C0D46E3-A306-492A-81FE-2B9B4850D99C}.Debug|Any CPU.ActiveCfg = Debug|Any CPU
		{7C0D46E3-A306-492A-81FE-2B9B4850D99C}.Debug|Any CPU.Build.0 = Debug|Any CPU
		{7C0D46E3-A306-492A-81FE-2B9B4850D99C}.Release|Any CPU.ActiveCfg = Release|Any CPU
		{7C0D46E3-A306-492A-81FE-2B9B4850D99C}.Release|Any CPU.Build.0 = Release|Any CPU
	EndGlobalSection
	GlobalSection(SolutionProperties) = preSolution
		HideSolutionNode = FALSE
	EndGlobalSection
	GlobalSection(ExtensibilityGlobals) = postSolution
		SolutionGuid = {DD7AC7BB-05D4-4A52-A8EA-28D9E06BE5C1}
	EndGlobalSection
EndGlobal
