
Microsoft Visual Studio Solution File, Format Version 12.00
# Visual Studio Version 17
VisualStudioVersion = 17.0.32126.317
MinimumVisualStudioVersion = 10.0.40219.1
Project("{FAE04EC0-301F-11D3-BF4B-00C04F79EFBC}") = "Tehtava_11", "Tehtava_11\Tehtava_11.csproj", "{A572347C-F8B9-4D05-83B9-7EF540076BA0}"
EndProject
Global
	GlobalSection(SolutionConfigurationPlatforms) = preSolution
		Debug|Any CPU = Debug|Any CPU
		Release|Any CPU = Release|Any CPU
	EndGlobalSection
	GlobalSection(ProjectConfigurationPlatforms) = postSolution
		{A572347C-F8B9-4D05-83B9-7EF540076BA0}.Debug|Any CPU.ActiveCfg = Debug|Any CPU
		{A572347C-F8B9-4D05-83B9-7EF540076BA0}.Debug|Any CPU.Build.0 = Debug|Any CPU
		{A572347C-F8B9-4D05-83B9-7EF540076BA0}.Release|Any CPU.ActiveCfg = Release|Any CPU
		{A572347C-F8B9-4D05-83B9-7EF540076BA0}.Release|Any CPU.Build.0 = Release|Any CPU
	EndGlobalSection
	GlobalSection(SolutionProperties) = preSolution
		HideSolutionNode = FALSE
	EndGlobalSection
	GlobalSection(ExtensibilityGlobals) = postSolution
		SolutionGuid = {FFFE8E9F-06E2-4E81-8A2A-E058BBB8B029}
	EndGlobalSection
EndGlobal
