
Microsoft Visual Studio Solution File, Format Version 12.00
# Visual Studio Version 17
VisualStudioVersion = 17.0.32126.317
MinimumVisualStudioVersion = 10.0.40219.1
Project("{FAE04EC0-301F-11D3-BF4B-00C04F79EFBC}") = "Harjoituksia_1", "Harjoituksia_1\Harjoituksia_1.csproj", "{BF6DED1B-F02C-49F2-AE46-70C2B9557379}"
EndProject
Global
	GlobalSection(SolutionConfigurationPlatforms) = preSolution
		Debug|Any CPU = Debug|Any CPU
		Release|Any CPU = Release|Any CPU
	EndGlobalSection
	GlobalSection(ProjectConfigurationPlatforms) = postSolution
		{BF6DED1B-F02C-49F2-AE46-70C2B9557379}.Debug|Any CPU.ActiveCfg = Debug|Any CPU
		{BF6DED1B-F02C-49F2-AE46-70C2B9557379}.Debug|Any CPU.Build.0 = Debug|Any CPU
		{BF6DED1B-F02C-49F2-AE46-70C2B9557379}.Release|Any CPU.ActiveCfg = Release|Any CPU
		{BF6DED1B-F02C-49F2-AE46-70C2B9557379}.Release|Any CPU.Build.0 = Release|Any CPU
	EndGlobalSection
	GlobalSection(SolutionProperties) = preSolution
		HideSolutionNode = FALSE
	EndGlobalSection
	GlobalSection(ExtensibilityGlobals) = postSolution
		SolutionGuid = {C3B2A7A1-5D4C-47EA-90CF-0E6D8CC14C10}
	EndGlobalSection
EndGlobal
