
Microsoft Visual Studio Solution File, Format Version 12.00
# Visual Studio Version 17
VisualStudioVersion = 17.0.32126.317
MinimumVisualStudioVersion = 10.0.40219.1
Project("{FAE04EC0-301F-11D3-BF4B-00C04F79EFBC}") = "Tehtava_15", "Tehtava_15\Tehtava_15.csproj", "{AE9C6ADE-0132-45CA-9EE1-45A5827B83CA}"
EndProject
Global
	GlobalSection(SolutionConfigurationPlatforms) = preSolution
		Debug|Any CPU = Debug|Any CPU
		Release|Any CPU = Release|Any CPU
	EndGlobalSection
	GlobalSection(ProjectConfigurationPlatforms) = postSolution
		{AE9C6ADE-0132-45CA-9EE1-45A5827B83CA}.Debug|Any CPU.ActiveCfg = Debug|Any CPU
		{AE9C6ADE-0132-45CA-9EE1-45A5827B83CA}.Debug|Any CPU.Build.0 = Debug|Any CPU
		{AE9C6ADE-0132-45CA-9EE1-45A5827B83CA}.Release|Any CPU.ActiveCfg = Release|Any CPU
		{AE9C6ADE-0132-45CA-9EE1-45A5827B83CA}.Release|Any CPU.Build.0 = Release|Any CPU
	EndGlobalSection
	GlobalSection(SolutionProperties) = preSolution
		HideSolutionNode = FALSE
	EndGlobalSection
	GlobalSection(ExtensibilityGlobals) = postSolution
		SolutionGuid = {DD74902C-D445-401A-AD5E-9EBFFB30B663}
	EndGlobalSection
EndGlobal
